
Microsoft Visual Studio Solution File, Format Version 12.00
# Visual Studio Version 17
VisualStudioVersion = 17.2.32630.192
MinimumVisualStudioVersion = 10.0.40219.1
Project("{9A19103F-16F7-4668-BE54-9A1E7A4F7556}") = "SpotifyLiteUsuario.CrossCutting", "SpotifyLiteUsuario.CrossCutting\SpotifyLiteUsuario.CrossCutting.csproj", "{CF498E75-9D8A-45BC-B37A-8F40E09FDBF2}"
EndProject
Project("{9A19103F-16F7-4668-BE54-9A1E7A4F7556}") = "SpotifyLiteUsuario.Domain", "SpotifyLiteUsuario.Domain\SpotifyLiteUsuario.Domain.csproj", "{8EE96873-1E12-4DA1-B34B-23D9596CDF9D}"
EndProject
Project("{9A19103F-16F7-4668-BE54-9A1E7A4F7556}") = "SpotifyLiteUsuario.Repository", "SpotifyLiteUsuario.Repository\SpotifyLiteUsuario.Repository.csproj", "{1884CB0C-1B03-4219-93BB-3FBAE08F883D}"
EndProject
Project("{9A19103F-16F7-4668-BE54-9A1E7A4F7556}") = "SpotifyLiteUsuario.Application", "SpotifyLiteUsuario.Application\SpotifyLiteUsuario.Application.csproj", "{ECF2FEF2-0FA7-411B-BCB2-5822501946FB}"
EndProject
Project("{FAE04EC0-301F-11D3-BF4B-00C04F79EFBC}") = "SpotifyLiteUsuario.Api", "SpotifyLiteUsuario.Api\SpotifyLiteUsuario.Api.csproj", "{D9F8DE76-A2A3-46CF-91D7-E40DD343A5A3}"
	ProjectSection(ProjectDependencies) = postProject
		{1884CB0C-1B03-4219-93BB-3FBAE08F883D} = {1884CB0C-1B03-4219-93BB-3FBAE08F883D}
		{ECF2FEF2-0FA7-411B-BCB2-5822501946FB} = {ECF2FEF2-0FA7-411B-BCB2-5822501946FB}
	EndProjectSection
EndProject
Global
	GlobalSection(SolutionConfigurationPlatforms) = preSolution
		Debug|Any CPU = Debug|Any CPU
		Release|Any CPU = Release|Any CPU
	EndGlobalSection
	GlobalSection(ProjectConfigurationPlatforms) = postSolution
		{CF498E75-9D8A-45BC-B37A-8F40E09FDBF2}.Debug|Any CPU.ActiveCfg = Debug|Any CPU
		{CF498E75-9D8A-45BC-B37A-8F40E09FDBF2}.Debug|Any CPU.Build.0 = Debug|Any CPU
		{CF498E75-9D8A-45BC-B37A-8F40E09FDBF2}.Release|Any CPU.ActiveCfg = Release|Any CPU
		{CF498E75-9D8A-45BC-B37A-8F40E09FDBF2}.Release|Any CPU.Build.0 = Release|Any CPU
		{8EE96873-1E12-4DA1-B34B-23D9596CDF9D}.Debug|Any CPU.ActiveCfg = Debug|Any CPU
		{8EE96873-1E12-4DA1-B34B-23D9596CDF9D}.Debug|Any CPU.Build.0 = Debug|Any CPU
		{8EE96873-1E12-4DA1-B34B-23D9596CDF9D}.Release|Any CPU.ActiveCfg = Release|Any CPU
		{8EE96873-1E12-4DA1-B34B-23D9596CDF9D}.Release|Any CPU.Build.0 = Release|Any CPU
		{1884CB0C-1B03-4219-93BB-3FBAE08F883D}.Debug|Any CPU.ActiveCfg = Debug|Any CPU
		{1884CB0C-1B03-4219-93BB-3FBAE08F883D}.Debug|Any CPU.Build.0 = Debug|Any CPU
		{1884CB0C-1B03-4219-93BB-3FBAE08F883D}.Release|Any CPU.ActiveCfg = Release|Any CPU
		{1884CB0C-1B03-4219-93BB-3FBAE08F883D}.Release|Any CPU.Build.0 = Release|Any CPU
		{ECF2FEF2-0FA7-411B-BCB2-5822501946FB}.Debug|Any CPU.ActiveCfg = Debug|Any CPU
		{ECF2FEF2-0FA7-411B-BCB2-5822501946FB}.Debug|Any CPU.Build.0 = Debug|Any CPU
		{ECF2FEF2-0FA7-411B-BCB2-5822501946FB}.Release|Any CPU.ActiveCfg = Release|Any CPU
		{ECF2FEF2-0FA7-411B-BCB2-5822501946FB}.Release|Any CPU.Build.0 = Release|Any CPU
		{D9F8DE76-A2A3-46CF-91D7-E40DD343A5A3}.Debug|Any CPU.ActiveCfg = Debug|Any CPU
		{D9F8DE76-A2A3-46CF-91D7-E40DD343A5A3}.Debug|Any CPU.Build.0 = Debug|Any CPU
		{D9F8DE76-A2A3-46CF-91D7-E40DD343A5A3}.Release|Any CPU.ActiveCfg = Release|Any CPU
		{D9F8DE76-A2A3-46CF-91D7-E40DD343A5A3}.Release|Any CPU.Build.0 = Release|Any CPU
	EndGlobalSection
	GlobalSection(SolutionProperties) = preSolution
		HideSolutionNode = FALSE
	EndGlobalSection
	GlobalSection(ExtensibilityGlobals) = postSolution
		SolutionGuid = {78D28362-FD7E-4F70-B5C2-BEF03838C5CC}
	EndGlobalSection
EndGlobal
